
Microsoft Visual Studio Solution File, Format Version 12.00
# Visual Studio Version 17
VisualStudioVersion = 17.8.34330.188
MinimumVisualStudioVersion = 10.0.40219.1
Project("{9A19103F-16F7-4668-BE54-9A1E7A4F7556}") = "store.datalayer", "store.datalayer\store.datalayer.csproj", "{5E363362-0707-4BB0-B873-9B812C929E25}"
EndProject
Project("{9A19103F-16F7-4668-BE54-9A1E7A4F7556}") = "store.api", "store.api\store.api.csproj", "{B3E5D594-B42E-462F-8455-138E1F158E80}"
EndProject
Global
	GlobalSection(SolutionConfigurationPlatforms) = preSolution
		Debug|Any CPU = Debug|Any CPU
		Release|Any CPU = Release|Any CPU
	EndGlobalSection
	GlobalSection(ProjectConfigurationPlatforms) = postSolution
		{5E363362-0707-4BB0-B873-9B812C929E25}.Debug|Any CPU.ActiveCfg = Debug|Any CPU
		{5E363362-0707-4BB0-B873-9B812C929E25}.Debug|Any CPU.Build.0 = Debug|Any CPU
		{5E363362-0707-4BB0-B873-9B812C929E25}.Release|Any CPU.ActiveCfg = Release|Any CPU
		{5E363362-0707-4BB0-B873-9B812C929E25}.Release|Any CPU.Build.0 = Release|Any CPU
		{B3E5D594-B42E-462F-8455-138E1F158E80}.Debug|Any CPU.ActiveCfg = Debug|Any CPU
		{B3E5D594-B42E-462F-8455-138E1F158E80}.Debug|Any CPU.Build.0 = Debug|Any CPU
		{B3E5D594-B42E-462F-8455-138E1F158E80}.Release|Any CPU.ActiveCfg = Release|Any CPU
		{B3E5D594-B42E-462F-8455-138E1F158E80}.Release|Any CPU.Build.0 = Release|Any CPU
	EndGlobalSection
	GlobalSection(SolutionProperties) = preSolution
		HideSolutionNode = FALSE
	EndGlobalSection
	GlobalSection(ExtensibilityGlobals) = postSolution
		SolutionGuid = {87C43B3A-D1CA-4215-9E1A-48AD91E1904E}
	EndGlobalSection
EndGlobal
